// !$*UTF8*$!
{
	archiveVersion = 1;
	classes = {
	};
	objectVersion = 46;
	objects = {

/* Begin PBXBuildFile section */
		9271E195198F7CE1004AD811 /* AppDelegate.swift in Sources */ = {isa = PBXBuildFile; fileRef = 9271E194198F7CE1004AD811 /* AppDelegate.swift */; };
		9271E197198F7CE1004AD811 /* ViewController.swift in Sources */ = {isa = PBXBuildFile; fileRef = 9271E196198F7CE1004AD811 /* ViewController.swift */; };
		9271E19A198F7CE1004AD811 /* Main.storyboard in Resources */ = {isa = PBXBuildFile; fileRef = 9271E198198F7CE1004AD811 /* Main.storyboard */; };
		9271E19C198F7CE1004AD811 /* Images.xcassets in Resources */ = {isa = PBXBuildFile; fileRef = 9271E19B198F7CE1004AD811 /* Images.xcassets */; };
		9271E1A8198F7CE1004AD811 /* MaterialSelectionTests.swift in Sources */ = {isa = PBXBuildFile; fileRef = 9271E1A7198F7CE1004AD811 /* MaterialSelectionTests.swift */; };
		9271E1B3198F7D4D004AD811 /* MaterialTouch.swift in Sources */ = {isa = PBXBuildFile; fileRef = 9271E1B2198F7D4D004AD811 /* MaterialTouch.swift */; };
		9271E1B5198F7E44004AD811 /* QuartzCore.framework in Frameworks */ = {isa = PBXBuildFile; fileRef = 9271E1B4198F7E44004AD811 /* QuartzCore.framework */; };
		92FD1B4419ABD1CB00BE5E9E /* swiftButton.png in Resources */ = {isa = PBXBuildFile; fileRef = 92FD1B4319ABD1CB00BE5E9E /* swiftButton.png */; };
/* End PBXBuildFile section */

/* Begin PBXContainerItemProxy section */
		9271E1A2198F7CE1004AD811 /* PBXContainerItemProxy */ = {
			isa = PBXContainerItemProxy;
			containerPortal = 9271E187198F7CE1004AD811 /* Project object */;
			proxyType = 1;
			remoteGlobalIDString = 9271E18E198F7CE1004AD811;
			remoteInfo = MaterialSelection;
		};
/* End PBXContainerItemProxy section */

/* Begin PBXFileReference section */
		9271E18F198F7CE1004AD811 /* MaterialSelection.app */ = {isa = PBXFileReference; explicitFileType = wrapper.application; includeInIndex = 0; path = MaterialSelection.app; sourceTree = BUILT_PRODUCTS_DIR; };
		9271E193198F7CE1004AD811 /* Info.plist */ = {isa = PBXFileReference; lastKnownFileType = text.plist.xml; path = Info.plist; sourceTree = "<group>"; };
		9271E194198F7CE1004AD811 /* AppDelegate.swift */ = {isa = PBXFileReference; lastKnownFileType = sourcecode.swift; path = AppDelegate.swift; sourceTree = "<group>"; };
		9271E196198F7CE1004AD811 /* ViewController.swift */ = {isa = PBXFileReference; lastKnownFileType = sourcecode.swift; path = ViewController.swift; sourceTree = "<group>"; };
		9271E199198F7CE1004AD811 /* Base */ = {isa = PBXFileReference; lastKnownFileType = file.storyboard; name = Base; path = Base.lproj/Main.storyboard; sourceTree = "<group>"; };
		9271E19B198F7CE1004AD811 /* Images.xcassets */ = {isa = PBXFileReference; lastKnownFileType = folder.assetcatalog; path = Images.xcassets; sourceTree = "<group>"; };
		9271E1A1198F7CE1004AD811 /* MaterialSelectionTests.xctest */ = {isa = PBXFileReference; explicitFileType = wrapper.cfbundle; includeInIndex = 0; path = MaterialSelectionTests.xctest; sourceTree = BUILT_PRODUCTS_DIR; };
		9271E1A6198F7CE1004AD811 /* Info.plist */ = {isa = PBXFileReference; lastKnownFileType = text.plist.xml; path = Info.plist; sourceTree = "<group>"; };
		9271E1A7198F7CE1004AD811 /* MaterialSelectionTests.swift */ = {isa = PBXFileReference; lastKnownFileType = sourcecode.swift; path = MaterialSelectionTests.swift; sourceTree = "<group>"; };
		9271E1B2198F7D4D004AD811 /* MaterialTouch.swift */ = {isa = PBXFileReference; fileEncoding = 4; lastKnownFileType = sourcecode.swift; path = MaterialTouch.swift; sourceTree = "<group>"; };
		9271E1B4198F7E44004AD811 /* QuartzCore.framework */ = {isa = PBXFileReference; lastKnownFileType = wrapper.framework; name = QuartzCore.framework; path = System/Library/Frameworks/QuartzCore.framework; sourceTree = SDKROOT; };
		92FD1B4319ABD1CB00BE5E9E /* swiftButton.png */ = {isa = PBXFileReference; lastKnownFileType = image.png; path = swiftButton.png; sourceTree = "<group>"; };
/* End PBXFileReference section */

/* Begin PBXFrameworksBuildPhase section */
		9271E18C198F7CE1004AD811 /* Frameworks */ = {
			isa = PBXFrameworksBuildPhase;
			buildActionMask = 2147483647;
			files = (
				9271E1B5198F7E44004AD811 /* QuartzCore.framework in Frameworks */,
			);
			runOnlyForDeploymentPostprocessing = 0;
		};
		9271E19E198F7CE1004AD811 /* Frameworks */ = {
			isa = PBXFrameworksBuildPhase;
			buildActionMask = 2147483647;
			files = (
			);
			runOnlyForDeploymentPostprocessing = 0;
		};
/* End PBXFrameworksBuildPhase section */

/* Begin PBXGroup section */
		9271E186198F7CE1004AD811 = {
			isa = PBXGroup;
			children = (
				9271E1B4198F7E44004AD811 /* QuartzCore.framework */,
				9271E191198F7CE1004AD811 /* MaterialSelection */,
				9271E1A4198F7CE1004AD811 /* MaterialSelectionTests */,
				9271E190198F7CE1004AD811 /* Products */,
			);
			sourceTree = "<group>";
		};
		9271E190198F7CE1004AD811 /* Products */ = {
			isa = PBXGroup;
			children = (
				9271E18F198F7CE1004AD811 /* MaterialSelection.app */,
				9271E1A1198F7CE1004AD811 /* MaterialSelectionTests.xctest */,
			);
			name = Products;
			sourceTree = "<group>";
		};
		9271E191198F7CE1004AD811 /* MaterialSelection */ = {
			isa = PBXGroup;
			children = (
				9271E194198F7CE1004AD811 /* AppDelegate.swift */,
				9271E196198F7CE1004AD811 /* ViewController.swift */,
				92FD1B4319ABD1CB00BE5E9E /* swiftButton.png */,
				9271E1B1198F7CEC004AD811 /* UIButton */,
				9271E198198F7CE1004AD811 /* Main.storyboard */,
				9271E19B198F7CE1004AD811 /* Images.xcassets */,
				9271E192198F7CE1004AD811 /* Supporting Files */,
			);
			path = MaterialSelection;
			sourceTree = "<group>";
		};
		9271E192198F7CE1004AD811 /* Supporting Files */ = {
			isa = PBXGroup;
			children = (
				9271E193198F7CE1004AD811 /* Info.plist */,
			);
			name = "Supporting Files";
			sourceTree = "<group>";
		};
		9271E1A4198F7CE1004AD811 /* MaterialSelectionTests */ = {
			isa = PBXGroup;
			children = (
				9271E1A7198F7CE1004AD811 /* MaterialSelectionTests.swift */,
				9271E1A5198F7CE1004AD811 /* Supporting Files */,
			);
			path = MaterialSelectionTests;
			sourceTree = "<group>";
		};
		9271E1A5198F7CE1004AD811 /* Supporting Files */ = {
			isa = PBXGroup;
			children = (
				9271E1A6198F7CE1004AD811 /* Info.plist */,
			);
			name = "Supporting Files";
			sourceTree = "<group>";
		};
		9271E1B1198F7CEC004AD811 /* UIButton */ = {
			isa = PBXGroup;
			children = (
				9271E1B2198F7D4D004AD811 /* MaterialTouch.swift */,
			);
			name = UIButton;
			sourceTree = "<group>";
		};
/* End PBXGroup section */

/* Begin PBXNativeTarget section */
		9271E18E198F7CE1004AD811 /* MaterialSelection */ = {
			isa = PBXNativeTarget;
			buildConfigurationList = 9271E1AB198F7CE1004AD811 /* Build configuration list for PBXNativeTarget "MaterialSelection" */;
			buildPhases = (
				9271E18B198F7CE1004AD811 /* Sources */,
				9271E18C198F7CE1004AD811 /* Frameworks */,
				9271E18D198F7CE1004AD811 /* Resources */,
			);
			buildRules = (
			);
			dependencies = (
			);
			name = MaterialSelection;
			productName = MaterialSelection;
			productReference = 9271E18F198F7CE1004AD811 /* MaterialSelection.app */;
			productType = "com.apple.product-type.application";
		};
		9271E1A0198F7CE1004AD811 /* MaterialSelectionTests */ = {
			isa = PBXNativeTarget;
			buildConfigurationList = 9271E1AE198F7CE1004AD811 /* Build configuration list for PBXNativeTarget "MaterialSelectionTests" */;
			buildPhases = (
				9271E19D198F7CE1004AD811 /* Sources */,
				9271E19E198F7CE1004AD811 /* Frameworks */,
				9271E19F198F7CE1004AD811 /* Resources */,
			);
			buildRules = (
			);
			dependencies = (
				9271E1A3198F7CE1004AD811 /* PBXTargetDependency */,
			);
			name = MaterialSelectionTests;
			productName = MaterialSelectionTests;
			productReference = 9271E1A1198F7CE1004AD811 /* MaterialSelectionTests.xctest */;
			productType = "com.apple.product-type.bundle.unit-test";
		};
/* End PBXNativeTarget section */

/* Begin PBXProject section */
		9271E187198F7CE1004AD811 /* Project object */ = {
			isa = PBXProject;
			attributes = {
				LastUpgradeCheck = 0600;
				ORGANIZATIONNAME = Alex;
				TargetAttributes = {
					9271E18E198F7CE1004AD811 = {
						CreatedOnToolsVersion = 6.0;
					};
					9271E1A0198F7CE1004AD811 = {
						CreatedOnToolsVersion = 6.0;
						TestTargetID = 9271E18E198F7CE1004AD811;
					};
				};
			};
			buildConfigurationList = 9271E18A198F7CE1004AD811 /* Build configuration list for PBXProject "MaterialSelection" */;
			compatibilityVersion = "Xcode 3.2";
			developmentRegion = English;
			hasScannedForEncodings = 0;
			knownRegions = (
				en,
				Base,
			);
			mainGroup = 9271E186198F7CE1004AD811;
			productRefGroup = 9271E190198F7CE1004AD811 /* Products */;
			projectDirPath = "";
			projectRoot = "";
			targets = (
				9271E18E198F7CE1004AD811 /* MaterialSelection */,
				9271E1A0198F7CE1004AD811 /* MaterialSelectionTests */,
			);
		};
/* End PBXProject section */

/* Begin PBXResourcesBuildPhase section */
		9271E18D198F7CE1004AD811 /* Resources */ = {
			isa = PBXResourcesBuildPhase;
			buildActionMask = 2147483647;
			files = (
				92FD1B4419ABD1CB00BE5E9E /* swiftButton.png in Resources */,
				9271E19A198F7CE1004AD811 /* Main.storyboard in Resources */,
				9271E19C198F7CE1004AD811 /* Images.xcassets in Resources */,
			);
			runOnlyForDeploymentPostprocessing = 0;
		};
		9271E19F198F7CE1004AD811 /* Resources */ = {
			isa = PBXResourcesBuildPhase;
			buildActionMask = 2147483647;
			files = (
			);
			runOnlyForDeploymentPostprocessing = 0;
		};
/* End PBXResourcesBuildPhase section */

/* Begin PBXSourcesBuildPhase section */
		9271E18B198F7CE1004AD811 /* Sources */ = {
			isa = PBXSourcesBuildPhase;
			buildActionMask = 2147483647;
			files = (
				9271E197198F7CE1004AD811 /* ViewController.swift in Sources */,
				9271E1B3198F7D4D004AD811 /* MaterialTouch.swift in Sources */,
				9271E195198F7CE1004AD811 /* AppDelegate.swift in Sources */,
			);
			runOnlyForDeploymentPostprocessing = 0;
		};
		9271E19D198F7CE1004AD811 /* Sources */ = {
			isa = PBXSourcesBuildPhase;
			buildActionMask = 2147483647;
			files = (
				9271E1A8198F7CE1004AD811 /* MaterialSelectionTests.swift in Sources */,
			);
			runOnlyForDeploymentPostprocessing = 0;
		};
/* End PBXSourcesBuildPhase section */

/* Begin PBXTargetDependency section */
		9271E1A3198F7CE1004AD811 /* PBXTargetDependency */ = {
			isa = PBXTargetDependency;
			target = 9271E18E198F7CE1004AD811 /* MaterialSelection */;
			targetProxy = 9271E1A2198F7CE1004AD811 /* PBXContainerItemProxy */;
		};
/* End PBXTargetDependency section */

/* Begin PBXVariantGroup section */
		9271E198198F7CE1004AD811 /* Main.storyboard */ = {
			isa = PBXVariantGroup;
			children = (
				9271E199198F7CE1004AD811 /* Base */,
			);
			name = Main.storyboard;
			sourceTree = "<group>";
		};
/* End PBXVariantGroup section */

/* Begin XCBuildConfiguration section */
		9271E1A9198F7CE1004AD811 /* Debug */ = {
			isa = XCBuildConfiguration;
			buildSettings = {
				ALWAYS_SEARCH_USER_PATHS = NO;
				CLANG_CXX_LANGUAGE_STANDARD = "gnu++0x";
				CLANG_CXX_LIBRARY = "libc++";
				CLANG_ENABLE_MODULES = YES;
				CLANG_ENABLE_OBJC_ARC = YES;
				CLANG_WARN_BOOL_CONVERSION = YES;
				CLANG_WARN_CONSTANT_CONVERSION = YES;
				CLANG_WARN_DIRECT_OBJC_ISA_USAGE = YES_ERROR;
				CLANG_WARN_EMPTY_BODY = YES;
				CLANG_WARN_ENUM_CONVERSION = YES;
				CLANG_WARN_INT_CONVERSION = YES;
				CLANG_WARN_OBJC_ROOT_CLASS = YES_ERROR;
				CLANG_WARN_UNREACHABLE_CODE = YES;
				CLANG_WARN__DUPLICATE_METHOD_MATCH = YES;
				"CODE_SIGN_IDENTITY[sdk=iphoneos*]" = "iPhone Developer";
				COPY_PHASE_STRIP = NO;
				ENABLE_STRICT_OBJC_MSGSEND = YES;
				GCC_C_LANGUAGE_STANDARD = gnu99;
				GCC_DYNAMIC_NO_PIC = NO;
				GCC_OPTIMIZATION_LEVEL = 0;
				GCC_PREPROCESSOR_DEFINITIONS = (
					"DEBUG=1",
					"$(inherited)",
				);
				GCC_SYMBOLS_PRIVATE_EXTERN = NO;
				GCC_WARN_64_TO_32_BIT_CONVERSION = YES;
				GCC_WARN_ABOUT_RETURN_TYPE = YES_ERROR;
				GCC_WARN_UNDECLARED_SELECTOR = YES;
				GCC_WARN_UNINITIALIZED_AUTOS = YES_AGGRESSIVE;
				GCC_WARN_UNUSED_FUNCTION = YES;
				GCC_WARN_UNUSED_VARIABLE = YES;
				IPHONEOS_DEPLOYMENT_TARGET = 8.0;
				MTL_ENABLE_DEBUG_INFO = YES;
				ONLY_ACTIVE_ARCH = YES;
				SDKROOT = iphoneos;
				SWIFT_OPTIMIZATION_LEVEL = "-Onone";
			};
			name = Debug;
		};
		9271E1AA198F7CE1004AD811 /* Release */ = {
			isa = XCBuildConfiguration;
			buildSettings = {
				ALWAYS_SEARCH_USER_PATHS = NO;
				CLANG_CXX_LANGUAGE_STANDARD = "gnu++0x";
				CLANG_CXX_LIBRARY = "libc++";
				CLANG_ENABLE_MODULES = YES;
				CLANG_ENABLE_OBJC_ARC = YES;
				CLANG_WARN_BOOL_CONVERSION = YES;
				CLANG_WARN_CONSTANT_CONVERSION = YES;
				CLANG_WARN_DIRECT_OBJC_ISA_USAGE = YES_ERROR;
				CLANG_WARN_EMPTY_BODY = YES;
				CLANG_WARN_ENUM_CONVERSION = YES;
				CLANG_WARN_INT_CONVERSION = YES;
				CLANG_WARN_OBJC_ROOT_CLASS = YES_ERROR;
				CLANG_WARN_UNREACHABLE_CODE = YES;
				CLANG_WARN__DUPLICATE_METHOD_MATCH = YES;
				"CODE_SIGN_IDENTITY[sdk=iphoneos*]" = "iPhone Developer";
				COPY_PHASE_STRIP = YES;
				ENABLE_NS_ASSERTIONS = NO;
				ENABLE_STRICT_OBJC_MSGSEND = YES;
				GCC_C_LANGUAGE_STANDARD = gnu99;
				GCC_WARN_64_TO_32_BIT_CONVERSION = YES;
				GCC_WARN_ABOUT_RETURN_TYPE = YES_ERROR;
				GCC_WARN_UNDECLARED_SELECTOR = YES;
				GCC_WARN_UNINITIALIZED_AUTOS = YES_AGGRESSIVE;
				GCC_WARN_UNUSED_FUNCTION = YES;
				GCC_WARN_UNUSED_VARIABLE = YES;
				IPHONEOS_DEPLOYMENT_TARGET = 8.0;
				MTL_ENABLE_DEBUG_INFO = NO;
				SDKROOT = iphoneos;
				VALIDATE_PRODUCT = YES;
			};
			name = Release;
		};
		9271E1AC198F7CE1004AD811 /* Debug */ = {
			isa = XCBuildConfiguration;
			buildSettings = {
				ASSETCATALOG_COMPILER_APPICON_NAME = AppIcon;
				ASSETCATALOG_COMPILER_LAUNCHIMAGE_NAME = LaunchImage;
				INFOPLIST_FILE = MaterialSelection/Info.plist;
				LD_RUNPATH_SEARCH_PATHS = "$(inherited) @executable_path/Frameworks";
				PRODUCT_NAME = "$(TARGET_NAME)";
			};
			name = Debug;
		};
		9271E1AD198F7CE1004AD811 /* Release */ = {
			isa = XCBuildConfiguration;
			buildSettings = {
				ASSETCATALOG_COMPILER_APPICON_NAME = AppIcon;
				ASSETCATALOG_COMPILER_LAUNCHIMAGE_NAME = LaunchImage;
				INFOPLIST_FILE = MaterialSelection/Info.plist;
				LD_RUNPATH_SEARCH_PATHS = "$(inherited) @executable_path/Frameworks";
				PRODUCT_NAME = "$(TARGET_NAME)";
			};
			name = Release;
		};
		9271E1AF198F7CE1004AD811 /* Debug */ = {
			isa = XCBuildConfiguration;
			buildSettings = {
				BUNDLE_LOADER = "$(BUILT_PRODUCTS_DIR)/MaterialSelection.app/MaterialSelection";
				FRAMEWORK_SEARCH_PATHS = (
					"$(SDKROOT)/Developer/Library/Frameworks",
					"$(inherited)",
				);
				GCC_PREPROCESSOR_DEFINITIONS = (
					"DEBUG=1",
					"$(inherited)",
				);
				INFOPLIST_FILE = MaterialSelectionTests/Info.plist;
				LD_RUNPATH_SEARCH_PATHS = "$(inherited) @executable_path/Frameworks @loader_path/Frameworks";
				PRODUCT_NAME = "$(TARGET_NAME)";
				TEST_HOST = "$(BUNDLE_LOADER)";
			};
			name = Debug;
		};
		9271E1B0198F7CE1004AD811 /* Release */ = {
			isa = XCBuildConfiguration;
			buildSettings = {
				BUNDLE_LOADER = "$(BUILT_PRODUCTS_DIR)/MaterialSelection.app/MaterialSelection";
				FRAMEWORK_SEARCH_PATHS = (
					"$(SDKROOT)/Developer/Library/Frameworks",
					"$(inherited)",
				);
				INFOPLIST_FILE = MaterialSelectionTests/Info.plist;
				LD_RUNPATH_SEARCH_PATHS = "$(inherited) @executable_path/Frameworks @loader_path/Frameworks";
				PRODUCT_NAME = "$(TARGET_NAME)";
				TEST_HOST = "$(BUNDLE_LOADER)";
			};
			name = Release;
		};
/* End XCBuildConfiguration section */

/* Begin XCConfigurationList section */
		9271E18A198F7CE1004AD811 /* Build configuration list for PBXProject "MaterialSelection" */ = {
			isa = XCConfigurationList;
			buildConfigurations = (
				9271E1A9198F7CE1004AD811 /* Debug */,
				9271E1AA198F7CE1004AD811 /* Release */,
			);
			defaultConfigurationIsVisible = 0;
			defaultConfigurationName = Release;
		};
		9271E1AB198F7CE1004AD811 /* Build configuration list for PBXNativeTarget "MaterialSelection" */ = {
			isa = XCConfigurationList;
			buildConfigurations = (
				9271E1AC198F7CE1004AD811 /* Debug */,
				9271E1AD198F7CE1004AD811 /* Release */,
			);
			defaultConfigurationIsVisible = 0;
			defaultConfigurationName = Release;
		};
		9271E1AE198F7CE1004AD811 /* Build configuration list for PBXNativeTarget "MaterialSelectionTests" */ = {
			isa = XCConfigurationList;
			buildConfigurations = (
				9271E1AF198F7CE1004AD811 /* Debug */,
				9271E1B0198F7CE1004AD811 /* Release */,
			);
			defaultConfigurationIsVisible = 0;
			defaultConfigurationName = Release;
		};
/* End XCConfigurationList section */
	};
	rootObject = 9271E187198F7CE1004AD811 /* Project object */;
}
